
Microsoft Visual Studio Solution File, Format Version 12.00
# Visual Studio Version 17
VisualStudioVersion = 17.5.002.0
MinimumVisualStudioVersion = 10.0.40219.1
Project("{9A19103F-16F7-4668-BE54-9A1E7A4F7556}") = "c#001_helloconsole", "c#001_helloconsole.csproj", "{DC6A72EA-B7AC-426E-B623-E174C09B21BC}"
EndProject
Global
	GlobalSection(SolutionConfigurationPlatforms) = preSolution
		Debug|Any CPU = Debug|Any CPU
		Release|Any CPU = Release|Any CPU
	EndGlobalSection
	GlobalSection(ProjectConfigurationPlatforms) = postSolution
		{DC6A72EA-B7AC-426E-B623-E174C09B21BC}.Debug|Any CPU.ActiveCfg = Debug|Any CPU
		{DC6A72EA-B7AC-426E-B623-E174C09B21BC}.Debug|Any CPU.Build.0 = Debug|Any CPU
		{DC6A72EA-B7AC-426E-B623-E174C09B21BC}.Release|Any CPU.ActiveCfg = Release|Any CPU
		{DC6A72EA-B7AC-426E-B623-E174C09B21BC}.Release|Any CPU.Build.0 = Release|Any CPU
	EndGlobalSection
	GlobalSection(SolutionProperties) = preSolution
		HideSolutionNode = FALSE
	EndGlobalSection
	GlobalSection(ExtensibilityGlobals) = postSolution
		SolutionGuid = {55FFDFF3-E968-4788-8D0B-69695C8FD475}
	EndGlobalSection
EndGlobal
